{
  "name": "js",
  "lockfileVersion": 3,
  "requires": true,
  "packages": {
    "": {
      "dependencies": {
        "shaka-player": "^4.4.2"
      }
    },
    "node_modules/eme-encryption-scheme-polyfill": {
      "version": "2.1.1",
      "resolved": "https://registry.npmjs.org/eme-encryption-scheme-polyfill/-/eme-encryption-scheme-polyfill-2.1.1.tgz",
      "integrity": "sha512-njD17wcUrbqCj0ArpLu5zWXtaiupHb/2fIUQGdInf83GlI+Q6mmqaPGLdrke4savKAu15J/z1Tg/ivDgl14g0g=="
    },
    "node_modules/shaka-player": {
      "version": "4.4.2",
      "resolved": "https://registry.npmjs.org/shaka-player/-/shaka-player-4.4.2.tgz",
      "integrity": "sha512-sDw4wmRIw920f/JzA4XHGzEBq/ywYqgeEeSbUJIgJS8xNPcwWbaUuXJXFbPAVMLJoj9co2PrX20qTWTUSpDADg==",
      "dependencies": {
        "eme-encryption-scheme-polyfill": "^2.1.1"
      },
      "engines": {
        "node": ">=14"
      }
    }
  }
}
